
Microsoft Visual Studio Solution File, Format Version 12.00
# Visual Studio Version 18
VisualStudioVersion = 18.6.11819.183 stable
MinimumVisualStudioVersion = 10.0.40219.1
Project("{FAE04EC0-301F-11D3-BF4B-00C04F79EFBC}") = "CapaDatos1", "CapaDatos1\CapaDatos1.csproj", "{8EBCD693-D020-4EE9-87A1-E19F2470144B}"
EndProject
Project("{FAE04EC0-301F-11D3-BF4B-00C04F79EFBC}") = "CapaEntidad", "CapaEntidad\CapaEntidad.csproj", "{9052BBB2-A7DD-4D45-A6AB-5088A5CBE53B}"
EndProject
Project("{FAE04EC0-301F-11D3-BF4B-00C04F79EFBC}") = "CapaNegocio", "CapaNegocio\CapaNegocio.csproj", "{F815EC8C-5F8A-48F7-A1A1-0FE473289A2B}"
EndProject
Project("{FAE04EC0-301F-11D3-BF4B-00C04F79EFBC}") = "CapaPresentacion", "FInicio\CapaPresentacion.csproj", "{1FAB6F3A-CDD1-47C6-BE26-A29C5769DDEC}"
EndProject
Global
	GlobalSection(SolutionConfigurationPlatforms) = preSolution
		Debug|Any CPU = Debug|Any CPU
		Release|Any CPU = Release|Any CPU
	EndGlobalSection
	GlobalSection(ProjectConfigurationPlatforms) = postSolution
		{8EBCD693-D020-4EE9-87A1-E19F2470144B}.Debug|Any CPU.ActiveCfg = Debug|Any CPU
		{8EBCD693-D020-4EE9-87A1-E19F2470144B}.Debug|Any CPU.Build.0 = Debug|Any CPU
		{8EBCD693-D020-4EE9-87A1-E19F2470144B}.Release|Any CPU.ActiveCfg = Release|Any CPU
		{8EBCD693-D020-4EE9-87A1-E19F2470144B}.Release|Any CPU.Build.0 = Release|Any CPU
		{9052BBB2-A7DD-4D45-A6AB-5088A5CBE53B}.Debug|Any CPU.ActiveCfg = Debug|Any CPU
		{9052BBB2-A7DD-4D45-A6AB-5088A5CBE53B}.Debug|Any CPU.Build.0 = Debug|Any CPU
		{9052BBB2-A7DD-4D45-A6AB-5088A5CBE53B}.Release|Any CPU.ActiveCfg = Release|Any CPU
		{9052BBB2-A7DD-4D45-A6AB-5088A5CBE53B}.Release|Any CPU.Build.0 = Release|Any CPU
		{F815EC8C-5F8A-48F7-A1A1-0FE473289A2B}.Debug|Any CPU.ActiveCfg = Debug|Any CPU
		{F815EC8C-5F8A-48F7-A1A1-0FE473289A2B}.Debug|Any CPU.Build.0 = Debug|Any CPU
		{F815EC8C-5F8A-48F7-A1A1-0FE473289A2B}.Release|Any CPU.ActiveCfg = Release|Any CPU
		{F815EC8C-5F8A-48F7-A1A1-0FE473289A2B}.Release|Any CPU.Build.0 = Release|Any CPU
		{1FAB6F3A-CDD1-47C6-BE26-A29C5769DDEC}.Debug|Any CPU.ActiveCfg = Debug|Any CPU
		{1FAB6F3A-CDD1-47C6-BE26-A29C5769DDEC}.Debug|Any CPU.Build.0 = Debug|Any CPU
		{1FAB6F3A-CDD1-47C6-BE26-A29C5769DDEC}.Release|Any CPU.ActiveCfg = Release|Any CPU
		{1FAB6F3A-CDD1-47C6-BE26-A29C5769DDEC}.Release|Any CPU.Build.0 = Release|Any CPU
	EndGlobalSection
	GlobalSection(SolutionProperties) = preSolution
		HideSolutionNode = FALSE
	EndGlobalSection
	GlobalSection(ExtensibilityGlobals) = postSolution
		SolutionGuid = {B0349DB5-8082-407E-9B30-FD5C85ADF24F}
	EndGlobalSection
EndGlobal
